{
  "name": "@codepunkt/esm-binary-use",
  "version": "1.0.0",
  "lockfileVersion": 2,
  "requires": true,
  "packages": {
    "": {
      "name": "@codepunkt/esm-binary-use",
      "version": "1.0.0",
      "license": "MIT",
      "dependencies": {
        "@codepunkt/esm-binary-provide": "github:codepunkt/esm-binary-provide"
      },
      "devDependencies": {}
    },
    "node_modules/@codepunkt/esm-binary-provide": {
      "version": "1.0.0",
      "resolved": "git+ssh://git@github.com/codepunkt/esm-binary-provide.git#f7c357c9c4c14df30538128994ca378dcf0b0f87",
      "license": "MIT",
      "bin": {
        "esm-binary-provide": "bin/esm-binary-provide.js"
      }
    }
  },
  "dependencies": {
    "@codepunkt/esm-binary-provide": {
      "version": "git+ssh://git@github.com/codepunkt/esm-binary-provide.git#f7c357c9c4c14df30538128994ca378dcf0b0f87",
      "from": "@codepunkt/esm-binary-provide@github:codepunkt/esm-binary-provide"
    }
  }
}
